<?xml version="1.0" encoding="utf-8"?>
<Project ToolsVersion="4.0" xmlns="http://schemas.microsoft.com/developer/msbuild/2003">
  <ItemGroup>
    <Filter Include="Archivos de origen">
      <UniqueIdentifier>{4FC737F1-C7A5-4376-A066-2A32D752A2FF}</UniqueIdentifier>
      <Extensions>cpp;c;cc;cxx;c++;cppm;ixx;def;odl;idl;hpj;bat;asm;asmx</Extensions>
    </Filter>
    <Filter Include="Archivos de encabezado">
      <UniqueIdentifier>{93995380-89BD-4b04-88EB-625FBE52EBFB}</UniqueIdentifier>
      <Extensions>h;hh;hpp;hxx;h++;hm;inl;inc;ipp;xsd</Extensions>
    </Filter>
    <Filter Include="Archivos de recursos">
      <UniqueIdentifier>{67DA6AB6-F800-4c08-8B7A-83BB121AAD01}</UniqueIdentifier>
      <Extensions>rc;ico;cur;bmp;dlg;rc2;rct;bin;rgs;gif;jpg;jpeg;jpe;resx;tiff;tif;png;wav;mfcribbon-ms</Extensions>
    </Filter>
    <Filter Include="Archivos de recursos\img">
      <UniqueIdentifier>{3ff09671-a57a-4375-9fd1-9f02aa1fef41}</UniqueIdentifier>
    </Filter>
    <Filter Include="Archivos de origen\Baseball">
      <UniqueIdentifier>{c917ff51-ef01-4bbd-9210-b5450df25f40}</UniqueIdentifier>
    </Filter>
    <Filter Include="Archivos de origen\Maze">
      <UniqueIdentifier>{064c7001-e8b6-411e-80b0-f4b0190bc5a2}</UniqueIdentifier>
    </Filter>
    <Filter Include="Archivos de recursos\img\Baseball">
      <UniqueIdentifier>{390aca63-d76d-49ce-bb19-61b1c2e481ab}</UniqueIdentifier>
    </Filter>
    <Filter Include="Archivos de recursos\img\Maze">
      <UniqueIdentifier>{7d8008c4-e8bd-4214-933b-1e3a9f3ffc3b}</UniqueIdentifier>
    </Filter>
    <Filter Include="Archivos de recursos\shaders">
      <UniqueIdentifier>{02b8751d-e53f-4848-80ed-270f3c45b7d2}</UniqueIdentifier>
    </Filter>
    <Filter Include="Archivos de origen\Claw">
      <UniqueIdentifier>{edf2b5a8-2fe6-4880-a15b-de84e62603a4}</UniqueIdentifier>
    </Filter>
  </ItemGroup>
  <ItemGroup>
    <ClCompile Include="Game.cpp">
      <Filter>Archivos de origen</Filter>
    </ClCompile>
    <ClCompile Include="main.cpp">
      <Filter>Archivos de origen</Filter>
    </ClCompile>
    <ClCompile Include="BaseballArena.cpp">
      <Filter>Archivos de origen\Baseball</Filter>
    </ClCompile>
    <ClCompile Include="BaseballPlayer.cpp">
      <Filter>Archivos de origen\Baseball</Filter>
    </ClCompile>
    <ClCompile Include="MazeBoard.cpp">
      <Filter>Archivos de origen\Maze</Filter>
    </ClCompile>
    <ClCompile Include="MazeEnemy.cpp">
      <Filter>Archivos de origen\Maze</Filter>
    </ClCompile>
    <ClCompile Include="MazeEntity.cpp">
      <Filter>Archivos de origen\Maze</Filter>
    </ClCompile>
    <ClCompile Include="MazePlayer.cpp">
      <Filter>Archivos de origen\Maze</Filter>
    </ClCompile>
    <ClCompile Include="BaseballBall.cpp">
      <Filter>Archivos de origen\Baseball</Filter>
    </ClCompile>
    <ClCompile Include="MazeGrid.cpp">
      <Filter>Archivos de origen\Maze</Filter>
    </ClCompile>
    <ClCompile Include="ClawPlayer.cpp">
      <Filter>Archivos de origen\Claw</Filter>
    </ClCompile>
    <ClCompile Include="ClawTarget.cpp">
      <Filter>Archivos de origen\Claw</Filter>
    </ClCompile>
    <ClCompile Include="ClawBoard.cpp">
      <Filter>Archivos de origen\Claw</Filter>
    </ClCompile>
  </ItemGroup>
  <ItemGroup>
    <ClInclude Include="SubScreen.h">
      <Filter>Archivos de encabezado</Filter>
    </ClInclude>
    <ClInclude Include="Baseball.h">
      <Filter>Archivos de encabezado</Filter>
    </ClInclude>
    <ClInclude Include="Maze.h">
      <Filter>Archivos de encabezado</Filter>
    </ClInclude>
    <ClInclude Include="Game.h">
      <Filter>Archivos de encabezado</Filter>
    </ClInclude>
    <ClInclude Include="Resources.h">
      <Filter>Archivos de encabezado</Filter>
    </ClInclude>
    <ClInclude Include="Random.h">
      <Filter>Archivos de encabezado</Filter>
    </ClInclude>
    <ClInclude Include="Claw.h">
      <Filter>Archivos de encabezado</Filter>
    </ClInclude>
  </ItemGroup>
  <ItemGroup>
    <Image Include="img\baseball\baseballs.png">
      <Filter>Archivos de recursos\img\Baseball</Filter>
    </Image>
    <Image Include="img\baseball\electric ball.png">
      <Filter>Archivos de recursos\img\Baseball</Filter>
    </Image>
    <Image Include="img\baseball\electric base.png">
      <Filter>Archivos de recursos\img\Baseball</Filter>
    </Image>
    <Image Include="img\baseball\pitcher platform.png">
      <Filter>Archivos de recursos\img\Baseball</Filter>
    </Image>
    <Image Include="img\baseball\pitcher.png">
      <Filter>Archivos de recursos\img\Baseball</Filter>
    </Image>
    <Image Include="img\baseball\player platform.png">
      <Filter>Archivos de recursos\img\Baseball</Filter>
    </Image>
    <Image Include="img\maze\alice.png">
      <Filter>Archivos de recursos\img\Maze</Filter>
    </Image>
    <Image Include="img\maze\blind.png">
      <Filter>Archivos de recursos\img\Maze</Filter>
    </Image>
    <Image Include="img\maze\blue.png">
      <Filter>Archivos de recursos\img\Maze</Filter>
    </Image>
    <Image Include="img\maze\camila.png">
      <Filter>Archivos de recursos\img\Maze</Filter>
    </Image>
    <Image Include="img\maze\candle.png">
      <Filter>Archivos de recursos\img\Maze</Filter>
    </Image>
    <Image Include="img\maze\eye.png">
      <Filter>Archivos de recursos\img\Maze</Filter>
    </Image>
    <Image Include="img\maze\happy.png">
      <Filter>Archivos de recursos\img\Maze</Filter>
    </Image>
    <Image Include="img\maze\mildred.png">
      <Filter>Archivos de recursos\img\Maze</Filter>
    </Image>
    <Image Include="img\maze\miranda blue.png">
      <Filter>Archivos de recursos\img\Maze</Filter>
    </Image>
    <Image Include="img\maze\miranda orange.png">
      <Filter>Archivos de recursos\img\Maze</Filter>
    </Image>
    <Image Include="img\maze\miranda.png">
      <Filter>Archivos de recursos\img\Maze</Filter>
    </Image>
    <Image Include="img\maze\mouse gal.png">
      <Filter>Archivos de recursos\img\Maze</Filter>
    </Image>
    <Image Include="img\maze\orange colored.png">
      <Filter>Archivos de recursos\img\Maze</Filter>
    </Image>
    <Image Include="img\maze\orange.png">
      <Filter>Archivos de recursos\img\Maze</Filter>
    </Image>
    <Image Include="img\maze\pacmiku.png">
      <Filter>Archivos de recursos\img\Maze</Filter>
    </Image>
    <Image Include="img\maze\red.png">
      <Filter>Archivos de recursos\img\Maze</Filter>
    </Image>
    <Image Include="img\maze\round counter.png">
      <Filter>Archivos de recursos\img\Maze</Filter>
    </Image>
    <Image Include="img\maze\sleep.png">
      <Filter>Archivos de recursos\img\Maze</Filter>
    </Image>
    <Image Include="img\maze\sqweek.png">
      <Filter>Archivos de recursos\img\Maze</Filter>
    </Image>
    <Image Include="img\maze\tsundere cheesecake go speeeen.png">
      <Filter>Archivos de recursos\img\Maze</Filter>
    </Image>
    <Image Include="img\maze\tsundere cheesecake.png">
      <Filter>Archivos de recursos\img\Maze</Filter>
    </Image>
    <Image Include="img\maze\wake up.png">
      <Filter>Archivos de recursos\img\Maze</Filter>
    </Image>
  </ItemGroup>
  <ItemGroup>
    <None Include="shaders\arcade.fs">
      <Filter>Archivos de recursos\shaders</Filter>
    </None>
    <None Include="shaders\base.fs">
      <Filter>Archivos de recursos\shaders</Filter>
    </None>
  </ItemGroup>
</Project>